{
    "_readme": [
        "This file locks the dependencies of your project to a known state",
        "Read more about it at https://getcomposer.org/doc/01-basic-usage.md#installing-dependencies",
        "This file is @generated automatically"
    ],
    "content-hash": "e332683aa6abe2f150d01288a991f7a8",
    "packages": [
        {
            "name": "bojaghi/admin-ajax",
            "version": "1.0.3",
            "source": {
                "type": "git",
                "url": "https://github.com/bojaghi/admin-ajax.git",
                "reference": "6bb1eebf1233711244154c219972cd18b7989a14"
            },
            "dist": {
                "type": "zip",
                "url": "https://api.github.com/repos/bojaghi/admin-ajax/zipball/6bb1eebf1233711244154c219972cd18b7989a14",
                "reference": "6bb1eebf1233711244154c219972cd18b7989a14",
                "shasum": ""
            },
            "require": {
                "bojaghi/contract": "^1.0",
                "bojaghi/helper": "^1.0",
                "php": ">=8.0",
                "psr/container": "^2.0"
            },
            "require-dev": {
                "bojaghi/wp-tests": "^1.0",
                "phpunit/phpunit": "^9",
                "yoast/phpunit-polyfills": "^3.0"
            },
            "type": "library",
            "autoload": {
                "psr-4": {
                    "Bojaghi\\AdminAjax\\": "src/"
                }
            },
            "notification-url": "https://packagist.org/downloads/",
            "license": [
                "GPL-2.0-or-later"
            ],
            "authors": [
                {
                    "name": "changwoo",
                    "email": "ep6tri@hotmail.com"
                }
            ],
            "description": "WordPress wp-admin/admin-ajax.php, wp-admin/admin-post.php handler helper.",
            "homepage": "https://github.com/bojaghi/admin-ajax",
            "support": {
                "issues": "https://github.com/bojaghi/admin-ajax/issues",
                "source": "https://github.com/bojaghi/admin-ajax/tree/1.0.3"
            },
            "time": "2024-12-28T10:51:30+00:00"
        },
        {
            "name": "bojaghi/clean-pages",
            "version": "1.1.0",
            "source": {
                "type": "git",
                "url": "https://github.com/bojaghi/clean-pages.git",
                "reference": "b94c1eb7dcd84901f52cf71189a283aacdf55f69"
            },
            "dist": {
                "type": "zip",
                "url": "https://api.github.com/repos/bojaghi/clean-pages/zipball/b94c1eb7dcd84901f52cf71189a283aacdf55f69",
                "reference": "b94c1eb7dcd84901f52cf71189a283aacdf55f69",
                "shasum": ""
            },
            "require": {
                "bojaghi/contract": "^1.1",
                "bojaghi/helper": "*",
                "php": ">=8.0"
            },
            "require-dev": {
                "bojaghi/wp-tests": "^1.1",
                "phpunit/phpunit": "^9",
                "yoast/phpunit-polyfills": "^4.0"
            },
            "type": "library",
            "autoload": {
                "psr-4": {
                    "Bojaghi\\CleanPages\\": "src/"
                }
            },
            "notification-url": "https://packagist.org/downloads/",
            "license": [
                "GPL-2.0-or-later"
            ],
            "authors": [
                {
                    "name": "changwoo"
                }
            ],
            "description": "워드프레스 플러그인에서 테마와 완전히 무관한 빈 페이지를 운영하게 도와줌니다.",
            "homepage": "https://github.com/bojaghi/clean-pages",
            "support": {
                "issues": "https://github.com/bojaghi/clean-pages/issues",
                "source": "https://github.com/bojaghi/clean-pages/tree/1.1.0"
            },
            "time": "2025-06-15T17:46:09+00:00"
        },
        {
            "name": "bojaghi/continy",
            "version": "1.1.4",
            "source": {
                "type": "git",
                "url": "https://github.com/bojaghi/continy.git",
                "reference": "9adc5c5740887a66da8a52e9e6ada53fe26e3016"
            },
            "dist": {
                "type": "zip",
                "url": "https://api.github.com/repos/bojaghi/continy/zipball/9adc5c5740887a66da8a52e9e6ada53fe26e3016",
                "reference": "9adc5c5740887a66da8a52e9e6ada53fe26e3016",
                "shasum": ""
            },
            "require": {
                "bojaghi/contract": "^1.0",
                "php": ">=8.0"
            },
            "require-dev": {
                "bojaghi/wp-tests": "^1.0",
                "phpunit/phpunit": "^9",
                "yoast/phpunit-polyfills": "^3.0"
            },
            "type": "library",
            "autoload": {
                "psr-4": {
                    "Bojaghi\\Continy\\": "src/"
                }
            },
            "notification-url": "https://packagist.org/downloads/",
            "license": [
                "GPL-2.0-or-later"
            ],
            "authors": [
                {
                    "name": "changwoo",
                    "email": "ep6tri@hotmail.com"
                }
            ],
            "description": "Re-usable tiny container for WordPress themes and plugins.",
            "homepage": "https://github.com/bojaghi/continy",
            "support": {
                "issues": "https://github.com/bojaghi/continy/issues",
                "source": "https://github.com/bojaghi/continy/tree/1.1.4"
            },
            "time": "2025-05-05T12:34:49+00:00"
        },
        {
            "name": "bojaghi/contract",
            "version": "1.1.0",
            "source": {
                "type": "git",
                "url": "https://github.com/bojaghi/contract.git",
                "reference": "6d0fd73087a7f36cea92fee0c110af0916f5f1db"
            },
            "dist": {
                "type": "zip",
                "url": "https://api.github.com/repos/bojaghi/contract/zipball/6d0fd73087a7f36cea92fee0c110af0916f5f1db",
                "reference": "6d0fd73087a7f36cea92fee0c110af0916f5f1db",
                "shasum": ""
            },
            "require": {
                "php": ">=8.0",
                "psr/container": "^2.0"
            },
            "type": "library",
            "autoload": {
                "psr-4": {
                    "Bojaghi\\Contract\\": "src/"
                }
            },
            "notification-url": "https://packagist.org/downloads/",
            "license": [
                "GPL-2.0-or-later"
            ],
            "authors": [
                {
                    "name": "changwoo",
                    "email": "ep6tri@hotmail.com"
                }
            ],
            "description": "Bojaghi contract",
            "homepage": "https://github.com/bojaghi/contract",
            "support": {
                "issues": "https://github.com/bojaghi/contract/issues",
                "source": "https://github.com/bojaghi/contract/tree/1.1.0"
            },
            "time": "2024-12-21T04:43:53+00:00"
        },
        {
            "name": "bojaghi/custom-posts",
            "version": "1.0.2",
            "source": {
                "type": "git",
                "url": "https://github.com/bojaghi/custom-posts.git",
                "reference": "1d5c35f944655b5e77c2dcc7f6714f1521f8f5d2"
            },
            "dist": {
                "type": "zip",
                "url": "https://api.github.com/repos/bojaghi/custom-posts/zipball/1d5c35f944655b5e77c2dcc7f6714f1521f8f5d2",
                "reference": "1d5c35f944655b5e77c2dcc7f6714f1521f8f5d2",
                "shasum": ""
            },
            "require": {
                "php": ">=8.0"
            },
            "require-dev": {
                "bojaghi/wp-tests": "^1.0",
                "phpunit/phpunit": "^9",
                "yoast/phpunit-polyfills": "^3.0"
            },
            "type": "library",
            "autoload": {
                "psr-4": {
                    "Bojaghi\\CustomPosts\\": "src/"
                }
            },
            "notification-url": "https://packagist.org/downloads/",
            "license": [
                "GPL-2.0-or-later"
            ],
            "description": "WordPress custom post type package.",
            "homepage": "https://github.com/bojaghi/custom-posts",
            "support": {
                "issues": "https://github.com/bojaghi/custom-posts/issues",
                "source": "https://github.com/bojaghi/custom-posts/tree/1.0.2"
            },
            "time": "2025-04-19T18:38:39+00:00"
        },
        {
            "name": "bojaghi/custom-tables",
            "version": "1.0.3",
            "source": {
                "type": "git",
                "url": "https://github.com/bojaghi/custom-tables.git",
                "reference": "4e1a6c838e4e7b69865c4f0ad4257aa0e5c8fc69"
            },
            "dist": {
                "type": "zip",
                "url": "https://api.github.com/repos/bojaghi/custom-tables/zipball/4e1a6c838e4e7b69865c4f0ad4257aa0e5c8fc69",
                "reference": "4e1a6c838e4e7b69865c4f0ad4257aa0e5c8fc69",
                "shasum": ""
            },
            "require": {
                "bojaghi/contract": "^1.1",
                "bojaghi/helper": "^1.1",
                "php": ">=8.0"
            },
            "require-dev": {
                "bojaghi/wp-tests": "^1.1",
                "phpunit/phpunit": "^9",
                "yoast/phpunit-polyfills": "^4.0"
            },
            "type": "library",
            "autoload": {
                "psr-4": {
                    "Bojaghi\\CustomTables\\": "src/"
                }
            },
            "notification-url": "https://packagist.org/downloads/",
            "license": [
                "GPL-2.0-or-later"
            ],
            "authors": [
                {
                    "name": "changwoo",
                    "email": "ep6tri@hotmail.com"
                }
            ],
            "description": "커스텀 테이블을 위한 보자기 유틸리티.",
            "homepage": "https://github.com/bojaghi/custom-tables",
            "support": {
                "issues": "https://github.com/bojaghi/custom-tables/issues",
                "source": "https://github.com/bojaghi/custom-tables/tree/1.0.3"
            },
            "time": "2025-05-04T14:18:44+00:00"
        },
        {
            "name": "bojaghi/custom-taxonomies",
            "version": "1.0.0",
            "source": {
                "type": "git",
                "url": "https://github.com/bojaghi/custom-taxonomies.git",
                "reference": "a547e5e81cb42f40bd3fde36a6a848b685912d62"
            },
            "dist": {
                "type": "zip",
                "url": "https://api.github.com/repos/bojaghi/custom-taxonomies/zipball/a547e5e81cb42f40bd3fde36a6a848b685912d62",
                "reference": "a547e5e81cb42f40bd3fde36a6a848b685912d62",
                "shasum": ""
            },
            "require": {
                "php": ">=8.0"
            },
            "require-dev": {
                "bojaghi/wp-tests": "^1.0",
                "phpunit/phpunit": "^9",
                "yoast/phpunit-polyfills": "^3.0"
            },
            "type": "library",
            "autoload": {
                "psr-4": {
                    "Bojaghi\\Tax\\": "src/"
                }
            },
            "notification-url": "https://packagist.org/downloads/",
            "license": [
                "GPL-2.0-or-later"
            ],
            "description": "WordPress taxonomy package",
            "homepage": "https://github.com/bojaghi/custom-taxonomies",
            "support": {
                "issues": "https://github.com/bojaghi/custom-taxonomies/issues",
                "source": "https://github.com/bojaghi/custom-taxonomies/tree/1.0.0"
            },
            "time": "2024-11-24T14:43:33+00:00"
        },
        {
            "name": "bojaghi/fields",
            "version": "1.0.0",
            "source": {
                "type": "git",
                "url": "https://github.com/bojaghi/fields.git",
                "reference": "077dd0d10e90901ef8721a93600ab3e3f3e99042"
            },
            "dist": {
                "type": "zip",
                "url": "https://api.github.com/repos/bojaghi/fields/zipball/077dd0d10e90901ef8721a93600ab3e3f3e99042",
                "reference": "077dd0d10e90901ef8721a93600ab3e3f3e99042",
                "shasum": ""
            },
            "require": {
                "bojaghi/contract": "^1.0",
                "php": ">=8.0"
            },
            "require-dev": {
                "bojaghi/wp-tests": "^1.0",
                "phpunit/phpunit": "^9",
                "yoast/phpunit-polyfills": "^3.0"
            },
            "type": "library",
            "autoload": {
                "psr-4": {
                    "Bojaghi\\Fields\\": "src/"
                }
            },
            "notification-url": "https://packagist.org/downloads/",
            "license": [
                "GPL-2.0-or-later"
            ],
            "authors": [
                {
                    "name": "changwoo",
                    "email": "ep6tri@hotmail.com"
                }
            ],
            "description": "Meta field, option field wrapper",
            "homepage": "https://github.com/bojaghi/fields",
            "support": {
                "issues": "https://github.com/bojaghi/fields/issues",
                "source": "https://github.com/bojaghi/fields/tree/1.0.0"
            },
            "time": "2024-12-01T17:51:59+00:00"
        },
        {
            "name": "bojaghi/fields-render",
            "version": "1.0.5",
            "source": {
                "type": "git",
                "url": "https://github.com/bojaghi/fields-render.git",
                "reference": "6d5b36dc002bd4af6c655d3b0e2e03d25caff0ef"
            },
            "dist": {
                "type": "zip",
                "url": "https://api.github.com/repos/bojaghi/fields-render/zipball/6d5b36dc002bd4af6c655d3b0e2e03d25caff0ef",
                "reference": "6d5b36dc002bd4af6c655d3b0e2e03d25caff0ef",
                "shasum": ""
            },
            "require": {
                "php": ">=8.0"
            },
            "require-dev": {
                "bojaghi/wp-tests": "^1.0",
                "phpunit/phpunit": "^9",
                "yoast/phpunit-polyfills": "^3.0"
            },
            "type": "library",
            "autoload": {
                "psr-4": {
                    "Bojaghi\\FieldsRender\\": "src/"
                }
            },
            "notification-url": "https://packagist.org/downloads/",
            "license": [
                "GPL-2.0-or-later"
            ],
            "authors": [
                {
                    "name": "changwoo",
                    "email": "ep6tri@hotmail.com"
                }
            ],
            "description": "HTML widget helper for PHP server-side ",
            "homepage": "https://github.com/bojaghi/fields-render",
            "support": {
                "issues": "https://github.com/bojaghi/fields-render/issues",
                "source": "https://github.com/bojaghi/fields-render/tree/1.0.5"
            },
            "time": "2025-05-24T05:40:37+00:00"
        },
        {
            "name": "bojaghi/helper",
            "version": "1.2.0",
            "source": {
                "type": "git",
                "url": "https://github.com/bojaghi/helper.git",
                "reference": "9ce3e051abf504ab3149a72b0d5e25f77c96c4cf"
            },
            "dist": {
                "type": "zip",
                "url": "https://api.github.com/repos/bojaghi/helper/zipball/9ce3e051abf504ab3149a72b0d5e25f77c96c4cf",
                "reference": "9ce3e051abf504ab3149a72b0d5e25f77c96c4cf",
                "shasum": ""
            },
            "require": {
                "bojaghi/continy": "^1.1",
                "php": ">=8.0"
            },
            "require-dev": {
                "bojaghi/wp-tests": "^1.0",
                "phpunit/phpunit": "^9",
                "yoast/phpunit-polyfills": "^3.0"
            },
            "type": "library",
            "autoload": {
                "psr-4": {
                    "Bojaghi\\Helper\\": "src/"
                }
            },
            "notification-url": "https://packagist.org/downloads/",
            "license": [
                "GPL-2.0-or-later"
            ],
            "authors": [
                {
                    "name": "changwoo",
                    "email": "ep6tri@hotmail.com"
                }
            ],
            "description": "Helper methods collection.",
            "homepage": "https://github.com/bojaghi/helper",
            "support": {
                "issues": "https://github.com/bojaghi/helper/issues",
                "source": "https://github.com/bojaghi/helper/tree/1.2.0"
            },
            "time": "2025-06-02T16:43:06+00:00"
        },
        {
            "name": "bojaghi/template",
            "version": "1.0.1",
            "source": {
                "type": "git",
                "url": "https://github.com/bojaghi/template.git",
                "reference": "cd204d6b608d7df8036949d903633daf35d97348"
            },
            "dist": {
                "type": "zip",
                "url": "https://api.github.com/repos/bojaghi/template/zipball/cd204d6b608d7df8036949d903633daf35d97348",
                "reference": "cd204d6b608d7df8036949d903633daf35d97348",
                "shasum": ""
            },
            "require": {
                "bojaghi/helper": "^1.1",
                "php": ">=8.0"
            },
            "require-dev": {
                "bojaghi/wp-tests": "^1.0",
                "phpunit/phpunit": "^9",
                "yoast/phpunit-polyfills": "^3.0"
            },
            "type": "library",
            "autoload": {
                "psr-4": {
                    "Bojaghi\\Template\\": "src/"
                }
            },
            "notification-url": "https://packagist.org/downloads/",
            "license": [
                "GPL-2.0-or-later"
            ],
            "authors": [
                {
                    "name": "changwoo",
                    "email": "ep6tri@hotmail.com"
                }
            ],
            "description": "Bojaghi template package",
            "homepage": "https://github.com/bojaghi/template",
            "support": {
                "issues": "https://github.com/bojaghi/template/issues",
                "source": "https://github.com/bojaghi/template/tree/1.0.1"
            },
            "time": "2025-05-10T03:02:45+00:00"
        },
        {
            "name": "bojaghi/vite-scripts",
            "version": "1.2.0",
            "source": {
                "type": "git",
                "url": "https://github.com/bojaghi/vite-scripts.git",
                "reference": "12ec422a7bc560072150f0d6281b630bf61e164c"
            },
            "dist": {
                "type": "zip",
                "url": "https://api.github.com/repos/bojaghi/vite-scripts/zipball/12ec422a7bc560072150f0d6281b630bf61e164c",
                "reference": "12ec422a7bc560072150f0d6281b630bf61e164c",
                "shasum": ""
            },
            "require": {
                "bojaghi/fields-render": "^1.0",
                "bojaghi/helper": "^1.1",
                "php": ">=8.0"
            },
            "require-dev": {
                "bojaghi/wp-tests": "^1.0",
                "phpunit/phpunit": "^9",
                "yoast/phpunit-polyfills": "^3.0"
            },
            "type": "library",
            "autoload": {
                "psr-4": {
                    "Bojaghi\\ViteScripts\\": "src/"
                }
            },
            "notification-url": "https://packagist.org/downloads/",
            "license": [
                "GPL-2.0-or-later"
            ],
            "homepage": "https://github.com/bojaghi/vite-scripts",
            "support": {
                "issues": "https://github.com/bojaghi/vite-scripts/issues",
                "source": "https://github.com/bojaghi/vite-scripts/tree/1.2.0"
            },
            "time": "2025-05-20T22:44:31+00:00"
        },
        {
            "name": "psr/container",
            "version": "2.0.2",
            "source": {
                "type": "git",
                "url": "https://github.com/php-fig/container.git",
                "reference": "c71ecc56dfe541dbd90c5360474fbc405f8d5963"
            },
            "dist": {
                "type": "zip",
                "url": "https://api.github.com/repos/php-fig/container/zipball/c71ecc56dfe541dbd90c5360474fbc405f8d5963",
                "reference": "c71ecc56dfe541dbd90c5360474fbc405f8d5963",
                "shasum": ""
            },
            "require": {
                "php": ">=7.4.0"
            },
            "type": "library",
            "extra": {
                "branch-alias": {
                    "dev-master": "2.0.x-dev"
                }
            },
            "autoload": {
                "psr-4": {
                    "Psr\\Container\\": "src/"
                }
            },
            "notification-url": "https://packagist.org/downloads/",
            "license": [
                "MIT"
            ],
            "authors": [
                {
                    "name": "PHP-FIG",
                    "homepage": "https://www.php-fig.org/"
                }
            ],
            "description": "Common Container Interface (PHP FIG PSR-11)",
            "homepage": "https://github.com/php-fig/container",
            "keywords": [
                "PSR-11",
                "container",
                "container-interface",
                "container-interop",
                "psr"
            ],
            "support": {
                "issues": "https://github.com/php-fig/container/issues",
                "source": "https://github.com/php-fig/container/tree/2.0.2"
            },
            "time": "2021-11-05T16:47:00+00:00"
        }
    ],
    "packages-dev": [],
    "aliases": [],
    "minimum-stability": "stable",
    "stability-flags": {},
    "prefer-stable": false,
    "prefer-lowest": false,
    "platform": {
        "php": ">=8.0"
    },
    "platform-dev": {},
    "plugin-api-version": "2.6.0"
}
